
Microsoft Visual Studio Solution File, Format Version 12.00
# Visual Studio Version 17
VisualStudioVersion = 17.9.34728.123
MinimumVisualStudioVersion = 10.0.40219.1
Project("{2150E333-8FDC-42A3-9474-1A3956D46DE8}") = "FrontEnd", "FrontEnd", "{1BDFCF6E-996A-4BFB-84B2-19A39634E5B1}"
EndProject
Project("{2150E333-8FDC-42A3-9474-1A3956D46DE8}") = "Gateway", "Gateway", "{189D5BC3-57C5-4015-948B-F5B3197FB9B0}"
EndProject
Project("{2150E333-8FDC-42A3-9474-1A3956D46DE8}") = "Integration", "Integration", "{9E414528-A761-4A56-9846-4B06CEB64796}"
EndProject
Project("{2150E333-8FDC-42A3-9474-1A3956D46DE8}") = "Services", "Services", "{3056D255-37C4-4832-B7D6-7D696D9898C0}"
EndProject
Project("{9A19103F-16F7-4668-BE54-9A1E7A4F7556}") = "ShopLite.Services.CouponAPI", "ShopLite.Services.CouponAPI\ShopLite.Services.CouponAPI.csproj", "{B0356A54-6075-42B0-90A5-7C1B7B88088E}"
EndProject
Project("{9A19103F-16F7-4668-BE54-9A1E7A4F7556}") = "ShopLite.Web", "ShopLite.Web\ShopLite.Web.csproj", "{FA9064F6-F7E8-46F9-B352-30550C318986}"
EndProject
Project("{9A19103F-16F7-4668-BE54-9A1E7A4F7556}") = "ShopLite.Services.AuthAPI", "ShopLite.Services.AuthAPI\ShopLite.Services.AuthAPI.csproj", "{6A390CC0-EE90-4CF4-B9AA-B152B74F653C}"
EndProject
Project("{9A19103F-16F7-4668-BE54-9A1E7A4F7556}") = "ShopLite.Services.ProductAPI", "ShopLite.Services.ProductAPI\ShopLite.Services.ProductAPI.csproj", "{8E62714A-E3A3-47CD-B0AE-A76DDBC09D6A}"
EndProject
Project("{FAE04EC0-301F-11D3-BF4B-00C04F79EFBC}") = "ShopLite.Services.ShoppingCartAPI", "ShopLite.Services.ShoppingCartAPI\ShopLite.Services.ShoppingCartAPI.csproj", "{18E505B7-E409-4B74-93EA-0C879A5D74C3}"
EndProject
Global
	GlobalSection(SolutionConfigurationPlatforms) = preSolution
		Debug|Any CPU = Debug|Any CPU
		Release|Any CPU = Release|Any CPU
	EndGlobalSection
	GlobalSection(ProjectConfigurationPlatforms) = postSolution
		{B0356A54-6075-42B0-90A5-7C1B7B88088E}.Debug|Any CPU.ActiveCfg = Debug|Any CPU
		{B0356A54-6075-42B0-90A5-7C1B7B88088E}.Debug|Any CPU.Build.0 = Debug|Any CPU
		{B0356A54-6075-42B0-90A5-7C1B7B88088E}.Release|Any CPU.ActiveCfg = Release|Any CPU
		{B0356A54-6075-42B0-90A5-7C1B7B88088E}.Release|Any CPU.Build.0 = Release|Any CPU
		{FA9064F6-F7E8-46F9-B352-30550C318986}.Debug|Any CPU.ActiveCfg = Debug|Any CPU
		{FA9064F6-F7E8-46F9-B352-30550C318986}.Debug|Any CPU.Build.0 = Debug|Any CPU
		{FA9064F6-F7E8-46F9-B352-30550C318986}.Release|Any CPU.ActiveCfg = Release|Any CPU
		{FA9064F6-F7E8-46F9-B352-30550C318986}.Release|Any CPU.Build.0 = Release|Any CPU
		{6A390CC0-EE90-4CF4-B9AA-B152B74F653C}.Debug|Any CPU.ActiveCfg = Debug|Any CPU
		{6A390CC0-EE90-4CF4-B9AA-B152B74F653C}.Debug|Any CPU.Build.0 = Debug|Any CPU
		{6A390CC0-EE90-4CF4-B9AA-B152B74F653C}.Release|Any CPU.ActiveCfg = Release|Any CPU
		{6A390CC0-EE90-4CF4-B9AA-B152B74F653C}.Release|Any CPU.Build.0 = Release|Any CPU
		{8E62714A-E3A3-47CD-B0AE-A76DDBC09D6A}.Debug|Any CPU.ActiveCfg = Debug|Any CPU
		{8E62714A-E3A3-47CD-B0AE-A76DDBC09D6A}.Debug|Any CPU.Build.0 = Debug|Any CPU
		{8E62714A-E3A3-47CD-B0AE-A76DDBC09D6A}.Release|Any CPU.ActiveCfg = Release|Any CPU
		{8E62714A-E3A3-47CD-B0AE-A76DDBC09D6A}.Release|Any CPU.Build.0 = Release|Any CPU
		{18E505B7-E409-4B74-93EA-0C879A5D74C3}.Debug|Any CPU.ActiveCfg = Debug|Any CPU
		{18E505B7-E409-4B74-93EA-0C879A5D74C3}.Debug|Any CPU.Build.0 = Debug|Any CPU
		{18E505B7-E409-4B74-93EA-0C879A5D74C3}.Release|Any CPU.ActiveCfg = Release|Any CPU
		{18E505B7-E409-4B74-93EA-0C879A5D74C3}.Release|Any CPU.Build.0 = Release|Any CPU
	EndGlobalSection
	GlobalSection(SolutionProperties) = preSolution
		HideSolutionNode = FALSE
	EndGlobalSection
	GlobalSection(NestedProjects) = preSolution
		{B0356A54-6075-42B0-90A5-7C1B7B88088E} = {3056D255-37C4-4832-B7D6-7D696D9898C0}
		{FA9064F6-F7E8-46F9-B352-30550C318986} = {1BDFCF6E-996A-4BFB-84B2-19A39634E5B1}
		{6A390CC0-EE90-4CF4-B9AA-B152B74F653C} = {3056D255-37C4-4832-B7D6-7D696D9898C0}
		{8E62714A-E3A3-47CD-B0AE-A76DDBC09D6A} = {3056D255-37C4-4832-B7D6-7D696D9898C0}
		{18E505B7-E409-4B74-93EA-0C879A5D74C3} = {3056D255-37C4-4832-B7D6-7D696D9898C0}
	EndGlobalSection
	GlobalSection(ExtensibilityGlobals) = postSolution
		SolutionGuid = {F19A844F-CB22-4F60-8F50-03D53F14B253}
	EndGlobalSection
EndGlobal
